{
    "_meta": {
        "hash": {
            "sha256": "ddd7414308b68cb5dbf944a2fae7b358c2a11c42f5db545ba2f876293b062cbe"
        },
        "pipfile-spec": 6,
        "requires": {
            "python_version": "3.8"
        },
        "sources": [
            {
                "name": "pypi",
                "url": "https://pypi.org/simple",
                "verify_ssl": true
            }
        ]
    },
    "default": {
        "cinnamon-tools": {
            "hashes": [
                "sha256:3590920ceadcea95fbb4dc7770cb1c303fffdca72447dbe595453bd7a4d18457",
                "sha256:6d2d1617287c7947539ce6c89958e55a3344f60a8098bf4f01564ff8d835869d"
            ],
            "index": "pypi",
            "version": "==0.6.2"
        },
        "decorator": {
            "hashes": [
                "sha256:41fa54c2a0cc4ba648be4fd43cff00aedf5b9465c9bf18d64325bc225f08f760",
                "sha256:e3a62f0520172440ca0dcc823749319382e377f37f140a0b99ef45fecb84bfe7"
            ],
            "version": "==4.4.2"
        },
        "networkx": {
            "hashes": [
                "sha256:7978955423fbc9639c10498878be59caf99b44dc304c2286162fd24b458c1602",
                "sha256:8c5812e9f798d37c50570d15c4a69d5710a18d77bafc903ee9c5fba7454c616c"
            ],
            "index": "pypi",
            "version": "==2.5"
        },
        "tqdm": {
            "hashes": [
                "sha256:5c0d04e06ccc0da1bd3fa5ae4550effcce42fcad947b4a6cafa77bdc9b09ff22",
                "sha256:9e7b8ab0ecbdbf0595adadd5f0ebbb9e69010e0bd48bbb0c15e550bf2a5292df"
            ],
            "index": "pypi",
            "version": "==4.54.0"
        }
    },
    "develop": {}
}
